
Microsoft Visual Studio Solution File, Format Version 12.00
Project("{2150E333-8FDC-42A3-9474-1A3956D46DE8}") = "1 - Application", "1 - Application", "{3EDD6228-ED85-4DCC-B392-A43F11198C57}"
EndProject
Project("{2150E333-8FDC-42A3-9474-1A3956D46DE8}") = "2 - Domain", "2 - Domain", "{60561139-22AD-43D9-85F0-D5D69FBBE84C}"
EndProject
Project("{2150E333-8FDC-42A3-9474-1A3956D46DE8}") = "3 - Service", "3 - Service", "{04267D2A-8E5E-49AD-A46C-77E6FD375B8C}"
EndProject
Project("{2150E333-8FDC-42A3-9474-1A3956D46DE8}") = "4 - Infra", "4 - Infra", "{5B5424C2-1A3E-438B-8F9E-FDD91D077FE0}"
EndProject
Project("{2150E333-8FDC-42A3-9474-1A3956D46DE8}") = "4.1 - Data", "4.1 - Data", "{CF2177B1-765D-4CD0-B165-B06EAB126276}"
EndProject
Project("{2150E333-8FDC-42A3-9474-1A3956D46DE8}") = "4.2 - Cross Cutting", "4.2 - Cross Cutting", "{37A113F4-8B3B-472E-9A3B-52EB0C975A93}"
EndProject
Project("{FAE04EC0-301F-11D3-BF4B-00C04F79EFBC}") = "PlantCare.Application", "PlantCare.Application\PlantCare.Application.csproj", "{B1490999-D8E0-4D87-AE10-7449857D3468}"
EndProject
Project("{FAE04EC0-301F-11D3-BF4B-00C04F79EFBC}") = "PlantCare.Domain", "PlantCare.Domain\PlantCare.Domain.csproj", "{5E7351E5-5D64-4B91-9573-B175EC572CC4}"
EndProject
Project("{FAE04EC0-301F-11D3-BF4B-00C04F79EFBC}") = "PlantCare.Service", "PlantCare.Service\PlantCare.Service.csproj", "{D14FEDFB-B525-4B98-922A-A604CD9BBC3F}"
EndProject
Project("{FAE04EC0-301F-11D3-BF4B-00C04F79EFBC}") = "PlantCare.Data", "PlantCare.Data\PlantCare.Data.csproj", "{57C22965-714F-4838-897A-A95E78006520}"
EndProject
Project("{FAE04EC0-301F-11D3-BF4B-00C04F79EFBC}") = "PlantCare.CrossCutting", "PlantCare.CrossCutting\PlantCare.CrossCutting.csproj", "{9CD03E30-8F58-4181-9A9A-B54F0BF2CA15}"
EndProject
Global
	GlobalSection(SolutionConfigurationPlatforms) = preSolution
		Debug|Any CPU = Debug|Any CPU
		Release|Any CPU = Release|Any CPU
	EndGlobalSection
	GlobalSection(NestedProjects) = preSolution
		{CF2177B1-765D-4CD0-B165-B06EAB126276} = {5B5424C2-1A3E-438B-8F9E-FDD91D077FE0}
		{37A113F4-8B3B-472E-9A3B-52EB0C975A93} = {5B5424C2-1A3E-438B-8F9E-FDD91D077FE0}
		{B1490999-D8E0-4D87-AE10-7449857D3468} = {3EDD6228-ED85-4DCC-B392-A43F11198C57}
		{5E7351E5-5D64-4B91-9573-B175EC572CC4} = {60561139-22AD-43D9-85F0-D5D69FBBE84C}
		{D14FEDFB-B525-4B98-922A-A604CD9BBC3F} = {04267D2A-8E5E-49AD-A46C-77E6FD375B8C}
		{57C22965-714F-4838-897A-A95E78006520} = {CF2177B1-765D-4CD0-B165-B06EAB126276}
		{9CD03E30-8F58-4181-9A9A-B54F0BF2CA15} = {37A113F4-8B3B-472E-9A3B-52EB0C975A93}
	EndGlobalSection
	GlobalSection(ProjectConfigurationPlatforms) = postSolution
		{B1490999-D8E0-4D87-AE10-7449857D3468}.Debug|Any CPU.ActiveCfg = Debug|Any CPU
		{B1490999-D8E0-4D87-AE10-7449857D3468}.Debug|Any CPU.Build.0 = Debug|Any CPU
		{B1490999-D8E0-4D87-AE10-7449857D3468}.Release|Any CPU.ActiveCfg = Release|Any CPU
		{B1490999-D8E0-4D87-AE10-7449857D3468}.Release|Any CPU.Build.0 = Release|Any CPU
		{5E7351E5-5D64-4B91-9573-B175EC572CC4}.Debug|Any CPU.ActiveCfg = Debug|Any CPU
		{5E7351E5-5D64-4B91-9573-B175EC572CC4}.Debug|Any CPU.Build.0 = Debug|Any CPU
		{5E7351E5-5D64-4B91-9573-B175EC572CC4}.Release|Any CPU.ActiveCfg = Release|Any CPU
		{5E7351E5-5D64-4B91-9573-B175EC572CC4}.Release|Any CPU.Build.0 = Release|Any CPU
		{D14FEDFB-B525-4B98-922A-A604CD9BBC3F}.Debug|Any CPU.ActiveCfg = Debug|Any CPU
		{D14FEDFB-B525-4B98-922A-A604CD9BBC3F}.Debug|Any CPU.Build.0 = Debug|Any CPU
		{D14FEDFB-B525-4B98-922A-A604CD9BBC3F}.Release|Any CPU.ActiveCfg = Release|Any CPU
		{D14FEDFB-B525-4B98-922A-A604CD9BBC3F}.Release|Any CPU.Build.0 = Release|Any CPU
		{57C22965-714F-4838-897A-A95E78006520}.Debug|Any CPU.ActiveCfg = Debug|Any CPU
		{57C22965-714F-4838-897A-A95E78006520}.Debug|Any CPU.Build.0 = Debug|Any CPU
		{57C22965-714F-4838-897A-A95E78006520}.Release|Any CPU.ActiveCfg = Release|Any CPU
		{57C22965-714F-4838-897A-A95E78006520}.Release|Any CPU.Build.0 = Release|Any CPU
		{9CD03E30-8F58-4181-9A9A-B54F0BF2CA15}.Debug|Any CPU.ActiveCfg = Debug|Any CPU
		{9CD03E30-8F58-4181-9A9A-B54F0BF2CA15}.Debug|Any CPU.Build.0 = Debug|Any CPU
		{9CD03E30-8F58-4181-9A9A-B54F0BF2CA15}.Release|Any CPU.ActiveCfg = Release|Any CPU
		{9CD03E30-8F58-4181-9A9A-B54F0BF2CA15}.Release|Any CPU.Build.0 = Release|Any CPU
	EndGlobalSection
EndGlobal
