
Microsoft Visual Studio Solution File, Format Version 12.00
Project("{2150E333-8FDC-42A3-9474-1A3956D46DE8}") = "1 - Application", "1 - Application", "{2607F916-BB85-4835-B474-43106624F17B}"
EndProject
Project("{FAE04EC0-301F-11D3-BF4B-00C04F79EFBC}") = "PlantCare.Application", "PlantCare.Application\PlantCare.Application.csproj", "{FCE10113-3589-43D9-8AA0-A13682A7BF5C}"
EndProject
Project("{2150E333-8FDC-42A3-9474-1A3956D46DE8}") = "2 - Domain", "2 - Domain", "{5E3633A3-8D6F-453D-BD75-1E5FB565E48A}"
EndProject
Project("{FAE04EC0-301F-11D3-BF4B-00C04F79EFBC}") = "PlantCare.Domain", "PlantCare.Domain\PlantCare.Domain.csproj", "{814BF1A9-8028-43CB-9780-1EF124D0322C}"
EndProject
Project("{2150E333-8FDC-42A3-9474-1A3956D46DE8}") = "3 - Service", "3 - Service", "{995FEA35-0642-4961-AAB5-234FCB11DF7A}"
EndProject
Project("{FAE04EC0-301F-11D3-BF4B-00C04F79EFBC}") = "PlantCare.Service", "PlantCare.Service\PlantCare.Service.csproj", "{3FA9B6E4-AE57-4A68-9572-EDB9E4A26D91}"
EndProject
Project("{2150E333-8FDC-42A3-9474-1A3956D46DE8}") = "4 - Infra", "4 - Infra", "{01FAAAB9-15DD-41A8-BD45-0E0F98DE240E}"
EndProject
Project("{2150E333-8FDC-42A3-9474-1A3956D46DE8}") = "4.1 - Data", "4.1 - Data", "{8BB9A465-6673-4AAE-9D6D-0C2607F2F09F}"
EndProject
Project("{2150E333-8FDC-42A3-9474-1A3956D46DE8}") = "4.2 - CrossCutting", "4.2 - CrossCutting", "{192C4AFD-A3B6-4A4B-A7B6-46EF10DE7CF4}"
EndProject
Project("{FAE04EC0-301F-11D3-BF4B-00C04F79EFBC}") = "PlantCare.Infra.Data", "PlantCare.Infra.Data\PlantCare.Infra.Data.csproj", "{1E42D885-1841-41FC-BA65-9113370D8CFF}"
EndProject
Project("{FAE04EC0-301F-11D3-BF4B-00C04F79EFBC}") = "PlantCare.Infra.CrossCutting", "PlantCare.Infra.CrossCutting\PlantCare.Infra.CrossCutting.csproj", "{4F54539D-1A51-4547-88BA-206EFA21B212}"
EndProject
Global
	GlobalSection(SolutionConfigurationPlatforms) = preSolution
		Debug|Any CPU = Debug|Any CPU
		Release|Any CPU = Release|Any CPU
	EndGlobalSection
	GlobalSection(NestedProjects) = preSolution
		{FCE10113-3589-43D9-8AA0-A13682A7BF5C} = {2607F916-BB85-4835-B474-43106624F17B}
		{814BF1A9-8028-43CB-9780-1EF124D0322C} = {5E3633A3-8D6F-453D-BD75-1E5FB565E48A}
		{3FA9B6E4-AE57-4A68-9572-EDB9E4A26D91} = {995FEA35-0642-4961-AAB5-234FCB11DF7A}
		{8BB9A465-6673-4AAE-9D6D-0C2607F2F09F} = {01FAAAB9-15DD-41A8-BD45-0E0F98DE240E}
		{192C4AFD-A3B6-4A4B-A7B6-46EF10DE7CF4} = {01FAAAB9-15DD-41A8-BD45-0E0F98DE240E}
		{1E42D885-1841-41FC-BA65-9113370D8CFF} = {8BB9A465-6673-4AAE-9D6D-0C2607F2F09F}
		{4F54539D-1A51-4547-88BA-206EFA21B212} = {192C4AFD-A3B6-4A4B-A7B6-46EF10DE7CF4}
	EndGlobalSection
	GlobalSection(ProjectConfigurationPlatforms) = postSolution
		{FCE10113-3589-43D9-8AA0-A13682A7BF5C}.Debug|Any CPU.ActiveCfg = Debug|Any CPU
		{FCE10113-3589-43D9-8AA0-A13682A7BF5C}.Debug|Any CPU.Build.0 = Debug|Any CPU
		{FCE10113-3589-43D9-8AA0-A13682A7BF5C}.Release|Any CPU.ActiveCfg = Release|Any CPU
		{FCE10113-3589-43D9-8AA0-A13682A7BF5C}.Release|Any CPU.Build.0 = Release|Any CPU
		{814BF1A9-8028-43CB-9780-1EF124D0322C}.Debug|Any CPU.ActiveCfg = Debug|Any CPU
		{814BF1A9-8028-43CB-9780-1EF124D0322C}.Debug|Any CPU.Build.0 = Debug|Any CPU
		{814BF1A9-8028-43CB-9780-1EF124D0322C}.Release|Any CPU.ActiveCfg = Release|Any CPU
		{814BF1A9-8028-43CB-9780-1EF124D0322C}.Release|Any CPU.Build.0 = Release|Any CPU
		{3FA9B6E4-AE57-4A68-9572-EDB9E4A26D91}.Debug|Any CPU.ActiveCfg = Debug|Any CPU
		{3FA9B6E4-AE57-4A68-9572-EDB9E4A26D91}.Debug|Any CPU.Build.0 = Debug|Any CPU
		{3FA9B6E4-AE57-4A68-9572-EDB9E4A26D91}.Release|Any CPU.ActiveCfg = Release|Any CPU
		{3FA9B6E4-AE57-4A68-9572-EDB9E4A26D91}.Release|Any CPU.Build.0 = Release|Any CPU
		{1E42D885-1841-41FC-BA65-9113370D8CFF}.Debug|Any CPU.ActiveCfg = Debug|Any CPU
		{1E42D885-1841-41FC-BA65-9113370D8CFF}.Debug|Any CPU.Build.0 = Debug|Any CPU
		{1E42D885-1841-41FC-BA65-9113370D8CFF}.Release|Any CPU.ActiveCfg = Release|Any CPU
		{1E42D885-1841-41FC-BA65-9113370D8CFF}.Release|Any CPU.Build.0 = Release|Any CPU
		{4F54539D-1A51-4547-88BA-206EFA21B212}.Debug|Any CPU.ActiveCfg = Debug|Any CPU
		{4F54539D-1A51-4547-88BA-206EFA21B212}.Debug|Any CPU.Build.0 = Debug|Any CPU
		{4F54539D-1A51-4547-88BA-206EFA21B212}.Release|Any CPU.ActiveCfg = Release|Any CPU
		{4F54539D-1A51-4547-88BA-206EFA21B212}.Release|Any CPU.Build.0 = Release|Any CPU
	EndGlobalSection
EndGlobal
